PODS:
  - HPFloatMenu (0.0.2):
    - SnapKit (= 4.2.0)
  - SnapKit (4.2.0)

DEPENDENCIES:
  - HPFloatMenu (from `../HPFloatMenu`)
  - SnapKit

SPEC REPOS:
  https://github.com/cocoapods/specs.git:
    - SnapKit

EXTERNAL SOURCES:
  HPFloatMenu:
    :path: "../HPFloatMenu"

SPEC CHECKSUMS:
  HPFloatMenu: 0e4e490a4d22f3de683a73f002fadfe89fcca692
  SnapKit: fe8a619752f3f27075cc9a90244d75c6c3f27e2a

PODFILE CHECKSUM: 29baad71c5afd1e43438c036fee676e1645ed759

COCOAPODS: 1.6.1
