PODS:
  - HPFloatMenu (0.0.4):
    - SnapKit (= 4.2.0)
  - SnapKit (4.2.0)

DEPENDENCIES:
  - HPFloatMenu (from `../HPFloatMenu`)
  - SnapKit

SPEC REPOS:
  https://github.com/cocoapods/specs.git:
    - SnapKit

EXTERNAL SOURCES:
  HPFloatMenu:
    :path: "../HPFloatMenu"

SPEC CHECKSUMS:
  HPFloatMenu: f3c72f3bab1f85d873f994759f95fde7c7d5b297
  SnapKit: fe8a619752f3f27075cc9a90244d75c6c3f27e2a

PODFILE CHECKSUM: 5936cc9b421dd101e46335554204e5b87e813c8f

COCOAPODS: 1.6.1
